
Microsoft Visual Studio Solution File, Format Version 12.00
# Visual Studio Version 16
VisualStudioVersion = 16.0.29424.173
MinimumVisualStudioVersion = 10.0.40219.1
Project("{FAE04EC0-301F-11D3-BF4B-00C04F79EFBC}") = "API2", "API2.csproj", "{30BF37BA-D5AA-4095-AAB9-34B0B777EA79}"
EndProject
Global
	GlobalSection(SolutionConfigurationPlatforms) = preSolution
		Debug|Any CPU = Debug|Any CPU
		Release|Any CPU = Release|Any CPU
	EndGlobalSection
	GlobalSection(ProjectConfigurationPlatforms) = postSolution
		{30BF37BA-D5AA-4095-AAB9-34B0B777EA79}.Debug|Any CPU.ActiveCfg = Debug|Any CPU
		{30BF37BA-D5AA-4095-AAB9-34B0B777EA79}.Debug|Any CPU.Build.0 = Debug|Any CPU
		{30BF37BA-D5AA-4095-AAB9-34B0B777EA79}.Release|Any CPU.ActiveCfg = Release|Any CPU
		{30BF37BA-D5AA-4095-AAB9-34B0B777EA79}.Release|Any CPU.Build.0 = Release|Any CPU
	EndGlobalSection
	GlobalSection(SolutionProperties) = preSolution
		HideSolutionNode = FALSE
	EndGlobalSection
	GlobalSection(ExtensibilityGlobals) = postSolution
		SolutionGuid = {2D11856A-BD63-4F27-91D4-8774EF9DD83F}
	EndGlobalSection
EndGlobal
